// !$*UTF8*$!
{
	archiveVersion = 1;
	classes = {
	};
	objectVersion = 46;
	objects = {

/* Begin PBXBuildFile section */
		754079161D1B1D6A003BC549 /* AppDelegate.swift in Sources */ = {isa = PBXBuildFile; fileRef = 754079151D1B1D6A003BC549 /* AppDelegate.swift */; };
		754079181D1B1D6A003BC549 /* ViewController.swift in Sources */ = {isa = PBXBuildFile; fileRef = 754079171D1B1D6A003BC549 /* ViewController.swift */; };
		7540791B1D1B1D6A003BC549 /* Main.storyboard in Resources */ = {isa = PBXBuildFile; fileRef = 754079191D1B1D6A003BC549 /* Main.storyboard */; };
		7540791D1D1B1D6A003BC549 /* Assets.xcassets in Resources */ = {isa = PBXBuildFile; fileRef = 7540791C1D1B1D6A003BC549 /* Assets.xcassets */; };
		754079201D1B1D6A003BC549 /* LaunchScreen.storyboard in Resources */ = {isa = PBXBuildFile; fileRef = 7540791E1D1B1D6A003BC549 /* LaunchScreen.storyboard */; };
/* End PBXBuildFile section */

/* Begin PBXFileReference section */
		754079121D1B1D6A003BC549 /* Lecture2.app */ = {isa = PBXFileReference; explicitFileType = wrapper.application; includeInIndex = 0; path = Lecture2.app; sourceTree = BUILT_PRODUCTS_DIR; };
		754079151D1B1D6A003BC549 /* AppDelegate.swift */ = {isa = PBXFileReference; lastKnownFileType = sourcecode.swift; path = AppDelegate.swift; sourceTree = "<group>"; };
		754079171D1B1D6A003BC549 /* ViewController.swift */ = {isa = PBXFileReference; lastKnownFileType = sourcecode.swift; path = ViewController.swift; sourceTree = "<group>"; };
		7540791A1D1B1D6A003BC549 /* Base */ = {isa = PBXFileReference; lastKnownFileType = file.storyboard; name = Base; path = Base.lproj/Main.storyboard; sourceTree = "<group>"; };
		7540791C1D1B1D6A003BC549 /* Assets.xcassets */ = {isa = PBXFileReference; lastKnownFileType = folder.assetcatalog; path = Assets.xcassets; sourceTree = "<group>"; };
		7540791F1D1B1D6A003BC549 /* Base */ = {isa = PBXFileReference; lastKnownFileType = file.storyboard; name = Base; path = Base.lproj/LaunchScreen.storyboard; sourceTree = "<group>"; };
		754079211D1B1D6A003BC549 /* Info.plist */ = {isa = PBXFileReference; lastKnownFileType = text.plist.xml; path = Info.plist; sourceTree = "<group>"; };
/* End PBXFileReference section */

/* Begin PBXFrameworksBuildPhase section */
		7540790F1D1B1D6A003BC549 /* Frameworks */ = {
			isa = PBXFrameworksBuildPhase;
			buildActionMask = 2147483647;
			files = (
			);
			runOnlyForDeploymentPostprocessing = 0;
		};
/* End PBXFrameworksBuildPhase section */

/* Begin PBXGroup section */
		754079091D1B1D6A003BC549 = {
			isa = PBXGroup;
			children = (
				754079141D1B1D6A003BC549 /* Lecture2 */,
				754079131D1B1D6A003BC549 /* Products */,
			);
			sourceTree = "<group>";
		};
		754079131D1B1D6A003BC549 /* Products */ = {
			isa = PBXGroup;
			children = (
				754079121D1B1D6A003BC549 /* Lecture2.app */,
			);
			name = Products;
			sourceTree = "<group>";
		};
		754079141D1B1D6A003BC549 /* Lecture2 */ = {
			isa = PBXGroup;
			children = (
				754079151D1B1D6A003BC549 /* AppDelegate.swift */,
				754079171D1B1D6A003BC549 /* ViewController.swift */,
				754079191D1B1D6A003BC549 /* Main.storyboard */,
				7540791C1D1B1D6A003BC549 /* Assets.xcassets */,
				7540791E1D1B1D6A003BC549 /* LaunchScreen.storyboard */,
				754079211D1B1D6A003BC549 /* Info.plist */,
			);
			path = Lecture2;
			sourceTree = "<group>";
		};
/* End PBXGroup section */

/* Begin PBXNativeTarget section */
		754079111D1B1D6A003BC549 /* Lecture2 */ = {
			isa = PBXNativeTarget;
			buildConfigurationList = 754079241D1B1D6A003BC549 /* Build configuration list for PBXNativeTarget "Lecture2" */;
			buildPhases = (
				7540790E1D1B1D6A003BC549 /* Sources */,
				7540790F1D1B1D6A003BC549 /* Frameworks */,
				754079101D1B1D6A003BC549 /* Resources */,
			);
			buildRules = (
			);
			dependencies = (
			);
			name = Lecture2;
			productName = Lecture2;
			productReference = 754079121D1B1D6A003BC549 /* Lecture2.app */;
			productType = "com.apple.product-type.application";
		};
/* End PBXNativeTarget section */

/* Begin PBXProject section */
		7540790A1D1B1D6A003BC549 /* Project object */ = {
			isa = PBXProject;
			attributes = {
				LastSwiftUpdateCheck = 0730;
				LastUpgradeCheck = 0730;
				ORGANIZATIONNAME = "Micah Reid";
				TargetAttributes = {
					754079111D1B1D6A003BC549 = {
						CreatedOnToolsVersion = 7.3.1;
					};
				};
			};
			buildConfigurationList = 7540790D1D1B1D6A003BC549 /* Build configuration list for PBXProject "Lecture2" */;
			compatibilityVersion = "Xcode 3.2";
			developmentRegion = English;
			hasScannedForEncodings = 0;
			knownRegions = (
				en,
				Base,
			);
			mainGroup = 754079091D1B1D6A003BC549;
			productRefGroup = 754079131D1B1D6A003BC549 /* Products */;
			projectDirPath = "";
			projectRoot = "";
			targets = (
				754079111D1B1D6A003BC549 /* Lecture2 */,
			);
		};
/* End PBXProject section */

/* Begin PBXResourcesBuildPhase section */
		754079101D1B1D6A003BC549 /* Resources */ = {
			isa = PBXResourcesBuildPhase;
			buildActionMask = 2147483647;
			files = (
				754079201D1B1D6A003BC549 /* LaunchScreen.storyboard in Resources */,
				7540791D1D1B1D6A003BC549 /* Assets.xcassets in Resources */,
				7540791B1D1B1D6A003BC549 /* Main.storyboard in Resources */,
			);
			runOnlyForDeploymentPostprocessing = 0;
		};
/* End PBXResourcesBuildPhase section */

/* Begin PBXSourcesBuildPhase section */
		7540790E1D1B1D6A003BC549 /* Sources */ = {
			isa = PBXSourcesBuildPhase;
			buildActionMask = 2147483647;
			files = (
				754079181D1B1D6A003BC549 /* ViewController.swift in Sources */,
				754079161D1B1D6A003BC549 /* AppDelegate.swift in Sources */,
			);
			runOnlyForDeploymentPostprocessing = 0;
		};
/* End PBXSourcesBuildPhase section */

/* Begin PBXVariantGroup section */
		754079191D1B1D6A003BC549 /* Main.storyboard */ = {
			isa = PBXVariantGroup;
			children = (
				7540791A1D1B1D6A003BC549 /* Base */,
			);
			name = Main.storyboard;
			sourceTree = "<group>";
		};
		7540791E1D1B1D6A003BC549 /* LaunchScreen.storyboard */ = {
			isa = PBXVariantGroup;
			children = (
				7540791F1D1B1D6A003BC549 /* Base */,
			);
			name = LaunchScreen.storyboard;
			sourceTree = "<group>";
		};
/* End PBXVariantGroup section */

/* Begin XCBuildConfiguration section */
		754079221D1B1D6A003BC549 /* Debug */ = {
			isa = XCBuildConfiguration;
			buildSettings = {
				ALWAYS_SEARCH_USER_PATHS = NO;
				CLANG_ANALYZER_NONNULL = YES;
				CLANG_CXX_LANGUAGE_STANDARD = "gnu++0x";
				CLANG_CXX_LIBRARY = "libc++";
				CLANG_ENABLE_MODULES = YES;
				CLANG_ENABLE_OBJC_ARC = YES;
				CLANG_WARN_BOOL_CONVERSION = YES;
				CLANG_WARN_CONSTANT_CONVERSION = YES;
				CLANG_WARN_DIRECT_OBJC_ISA_USAGE = YES_ERROR;
				CLANG_WARN_EMPTY_BODY = YES;
				CLANG_WARN_ENUM_CONVERSION = YES;
				CLANG_WARN_INT_CONVERSION = YES;
				CLANG_WARN_OBJC_ROOT_CLASS = YES_ERROR;
				CLANG_WARN_UNREACHABLE_CODE = YES;
				CLANG_WARN__DUPLICATE_METHOD_MATCH = YES;
				"CODE_SIGN_IDENTITY[sdk=iphoneos*]" = "iPhone Developer";
				COPY_PHASE_STRIP = NO;
				DEBUG_INFORMATION_FORMAT = dwarf;
				ENABLE_STRICT_OBJC_MSGSEND = YES;
				ENABLE_TESTABILITY = YES;
				GCC_C_LANGUAGE_STANDARD = gnu99;
				GCC_DYNAMIC_NO_PIC = NO;
				GCC_NO_COMMON_BLOCKS = YES;
				GCC_OPTIMIZATION_LEVEL = 0;
				GCC_PREPROCESSOR_DEFINITIONS = (
					"DEBUG=1",
					"$(inherited)",
				);
				GCC_WARN_64_TO_32_BIT_CONVERSION = YES;
				GCC_WARN_ABOUT_RETURN_TYPE = YES_ERROR;
				GCC_WARN_UNDECLARED_SELECTOR = YES;
				GCC_WARN_UNINITIALIZED_AUTOS = YES_AGGRESSIVE;
				GCC_WARN_UNUSED_FUNCTION = YES;
				GCC_WARN_UNUSED_VARIABLE = YES;
				IPHONEOS_DEPLOYMENT_TARGET = 9.3;
				MTL_ENABLE_DEBUG_INFO = YES;
				ONLY_ACTIVE_ARCH = YES;
				SDKROOT = iphoneos;
				SWIFT_OPTIMIZATION_LEVEL = "-Onone";
				TARGETED_DEVICE_FAMILY = "1,2";
			};
			name = Debug;
		};
		754079231D1B1D6A003BC549 /* Release */ = {
			isa = XCBuildConfiguration;
			buildSettings = {
				ALWAYS_SEARCH_USER_PATHS = NO;
				CLANG_ANALYZER_NONNULL = YES;
				CLANG_CXX_LANGUAGE_STANDARD = "gnu++0x";
				CLANG_CXX_LIBRARY = "libc++";
				CLANG_ENABLE_MODULES = YES;
				CLANG_ENABLE_OBJC_ARC = YES;
				CLANG_WARN_BOOL_CONVERSION = YES;
				CLANG_WARN_CONSTANT_CONVERSION = YES;
				CLANG_WARN_DIRECT_OBJC_ISA_USAGE = YES_ERROR;
				CLANG_WARN_EMPTY_BODY = YES;
				CLANG_WARN_ENUM_CONVERSION = YES;
				CLANG_WARN_INT_CONVERSION = YES;
				CLANG_WARN_OBJC_ROOT_CLASS = YES_ERROR;
				CLANG_WARN_UNREACHABLE_CODE = YES;
				CLANG_WARN__DUPLICATE_METHOD_MATCH = YES;
				"CODE_SIGN_IDENTITY[sdk=iphoneos*]" = "iPhone Developer";
				COPY_PHASE_STRIP = NO;
				DEBUG_INFORMATION_FORMAT = "dwarf-with-dsym";
				ENABLE_NS_ASSERTIONS = NO;
				ENABLE_STRICT_OBJC_MSGSEND = YES;
				GCC_C_LANGUAGE_STANDARD = gnu99;
				GCC_NO_COMMON_BLOCKS = YES;
				GCC_WARN_64_TO_32_BIT_CONVERSION = YES;
				GCC_WARN_ABOUT_RETURN_TYPE = YES_ERROR;
				GCC_WARN_UNDECLARED_SELECTOR = YES;
				GCC_WARN_UNINITIALIZED_AUTOS = YES_AGGRESSIVE;
				GCC_WARN_UNUSED_FUNCTION = YES;
				GCC_WARN_UNUSED_VARIABLE = YES;
				IPHONEOS_DEPLOYMENT_TARGET = 9.3;
				MTL_ENABLE_DEBUG_INFO = NO;
				SDKROOT = iphoneos;
				TARGETED_DEVICE_FAMILY = "1,2";
				VALIDATE_PRODUCT = YES;
			};
			name = Release;
		};
		754079251D1B1D6A003BC549 /* Debug */ = {
			isa = XCBuildConfiguration;
			buildSettings = {
				ASSETCATALOG_COMPILER_APPICON_NAME = AppIcon;
				INFOPLIST_FILE = Lecture2/Info.plist;
				LD_RUNPATH_SEARCH_PATHS = "$(inherited) @executable_path/Frameworks";
				PRODUCT_BUNDLE_IDENTIFIER = Harvard.Lecture2;
				PRODUCT_NAME = "$(TARGET_NAME)";
			};
			name = Debug;
		};
		754079261D1B1D6A003BC549 /* Release */ = {
			isa = XCBuildConfiguration;
			buildSettings = {
				ASSETCATALOG_COMPILER_APPICON_NAME = AppIcon;
				INFOPLIST_FILE = Lecture2/Info.plist;
				LD_RUNPATH_SEARCH_PATHS = "$(inherited) @executable_path/Frameworks";
				PRODUCT_BUNDLE_IDENTIFIER = Harvard.Lecture2;
				PRODUCT_NAME = "$(TARGET_NAME)";
			};
			name = Release;
		};
/* End XCBuildConfiguration section */

/* Begin XCConfigurationList section */
		7540790D1D1B1D6A003BC549 /* Build configuration list for PBXProject "Lecture2" */ = {
			isa = XCConfigurationList;
			buildConfigurations = (
				754079221D1B1D6A003BC549 /* Debug */,
				754079231D1B1D6A003BC549 /* Release */,
			);
			defaultConfigurationIsVisible = 0;
			defaultConfigurationName = Release;
		};
		754079241D1B1D6A003BC549 /* Build configuration list for PBXNativeTarget "Lecture2" */ = {
			isa = XCConfigurationList;
			buildConfigurations = (
				754079251D1B1D6A003BC549 /* Debug */,
				754079261D1B1D6A003BC549 /* Release */,
			);
			defaultConfigurationIsVisible = 0;
		};
/* End XCConfigurationList section */
	};
	rootObject = 7540790A1D1B1D6A003BC549 /* Project object */;
}
